{
  "pins" : [
    {
      "identity" : "appauth-ios",
      "kind" : "remoteSourceControl",
      "location" : "https://github.com/openid/AppAuth-iOS.git",
      "state" : {
        "revision" : "33660c271c961f8ce1084cc13f2ea8195e864f7d",
        "version" : "1.5.0"
      }
    },
    {
      "identity" : "googlesignin-ios",
      "kind" : "remoteSourceControl",
      "location" : "https://github.com/google/GoogleSignIn-iOS",
      "state" : {
        "revision" : "9450e779619fc184d360c9f7ce61023587f7e1f4",
        "version" : "6.2.2"
      }
    },
    {
      "identity" : "gtm-session-fetcher",
      "kind" : "remoteSourceControl",
      "location" : "https://github.com/google/gtm-session-fetcher.git",
      "state" : {
        "revision" : "4e9bbf2808b8fee444e84a48f5f3c12641987d3e",
        "version" : "1.7.2"
      }
    },
    {
      "identity" : "gtmappauth",
      "kind" : "remoteSourceControl",
      "location" : "https://github.com/google/GTMAppAuth.git",
      "state" : {
        "revision" : "b9d1683be336ba8c8d1c6867bafeb056a5399700",
        "version" : "1.3.0"
      }
    },
    {
      "identity" : "socket.io-client-swift",
      "kind" : "remoteSourceControl",
      "location" : "https://github.com/socketio/socket.io-client-swift",
      "state" : {
        "branch" : "master",
        "revision" : "a1ed825835a2d8c2555938e96557ccc05e4bebf3"
      }
    },
    {
      "identity" : "starscream",
      "kind" : "remoteSourceControl",
      "location" : "https://github.com/daltoniam/Starscream",
      "state" : {
        "revision" : "df8d82047f6654d8e4b655d1b1525c64e1059d21",
        "version" : "4.0.4"
      }
    }
  ],
  "version" : 2
}
