{
  "requires": true,
  "lockfileVersion": 1,
  "dependencies": {
    "arrayiffy-if-string": {
      "version": "3.12.0",
      "resolved": "https://registry.npmjs.org/arrayiffy-if-string/-/arrayiffy-if-string-3.12.0.tgz",
      "integrity": "sha512-NksgY9FtVGdU9lndRT3EiH+OuZC/rX4kxISBveLKf3TQIemz5w3Ai/s0TBIuRyaxCMCOIulBPxSKe/F2CyBybA=="
    },
    "ast-compare": {
      "version": "1.14.0",
      "resolved": "https://registry.npmjs.org/ast-compare/-/ast-compare-1.14.0.tgz",
      "integrity": "sha512-/lmiSFI7YYUEijoShnDcnnKazx2LDlSRjyLJKbyTimiaCpsdgBBHU+sbTqDEY5lOsC9vAlLaTj5FWeN744c7DQ==",
      "requires": {
        "ast-contains-only-empty-space": "^1.10.0",
        "matcher": "^3.0.0",
        "type-detect": "^4.0.8"
      }
    },
    "ast-contains-only-empty-space": {
      "version": "1.10.0",
      "resolved": "https://registry.npmjs.org/ast-contains-only-empty-space/-/ast-contains-only-empty-space-1.10.0.tgz",
      "integrity": "sha512-BOucE9STcoFYzTBTxgA4Psj8/LEqpnQ5EElyP+1eqDFFMMIdgv3wLz89WkOlhI9cGoE8v6YY6GY14CQFWKteaw==",
      "requires": {
        "ast-monkey-traverse": "^1.13.0"
      }
    },
    "ast-is-empty": {
      "version": "1.11.0",
      "resolved": "https://registry.npmjs.org/ast-is-empty/-/ast-is-empty-1.11.0.tgz",
      "integrity": "sha512-vXXb/MSeaVJP2n0ReGrS/JtH2DRVDTtzauqvsVpGlugi78EniaR6aWiTDc1wbLGsQSkMUGry5VkoztPL0GzZqA=="
    },
    "ast-monkey": {
      "version": "7.12.0",
      "resolved": "https://registry.npmjs.org/ast-monkey/-/ast-monkey-7.12.0.tgz",
      "integrity": "sha512-9YPIcA+avUa9VXq8Wdb8SKZZ5f1+d9L6r3U/2h7Fs620YQTd2X1vZIFnja4n1isNGHSg8FacfTqHzDOaA40q0g==",
      "requires": {
        "ast-compare": "^1.14.0",
        "ast-monkey-traverse": "^1.13.0",
        "check-types-mini": "^5.9.0",
        "util-array-object-or-both": "^2.8.0"
      }
    },
    "ast-monkey-traverse": {
      "version": "1.13.0",
      "resolved": "https://registry.npmjs.org/ast-monkey-traverse/-/ast-monkey-traverse-1.13.0.tgz",
      "integrity": "sha512-WP/Ak5ZDk3Zelbhzcjx59ZzsPBUUFw6/cKsGSbJyIDdhsSCZHbsJz0zo940Zv7vBRMgpFsAF+tcRy2AVbJ37Iw==",
      "requires": {
        "ast-monkey-util": "^1.2.0",
        "lodash.clonedeep": "^4.5.0"
      }
    },
    "ast-monkey-util": {
      "version": "1.2.0",
      "resolved": "https://registry.npmjs.org/ast-monkey-util/-/ast-monkey-util-1.2.0.tgz",
      "integrity": "sha512-mM3cyVbOeGSpCyItGC25LcH2U3mxvJLu0QAYWBawU/IMQAhO46kjZzscvKHJDL28PJBDZgM2LeCaHMXvypS36Q=="
    },
    "check-types-mini": {
      "version": "5.9.0",
      "resolved": "https://registry.npmjs.org/check-types-mini/-/check-types-mini-5.9.0.tgz",
      "integrity": "sha512-sxV5gMXJXEFDVooRKQudqa+fMU8dCp06PjlqqV2fV2saAp9A9pVo5zx02QayTb5NvceqyZKUBJsb622z1O+akA==",
      "requires": {
        "arrayiffy-if-string": "^3.12.0",
        "ast-monkey-traverse": "^1.13.0",
        "lodash.intersection": "^4.4.0",
        "lodash.pullall": "^4.2.0",
        "matcher": "^3.0.0",
        "object-path": "^0.11.5",
        "type-detect": "^4.0.8"
      }
    },
    "escape-string-regexp": {
      "version": "4.0.0",
      "resolved": "https://registry.npmjs.org/escape-string-regexp/-/escape-string-regexp-4.0.0.tgz",
      "integrity": "sha512-TtpcNJ3XAzx3Gq8sWRzJaVajRs0uVxA2YAkdb1jm2YkPz4G6egUFAyA3n5vtEIZefPk5Wa4UXbKuS5fKkJWdgA=="
    },
    "lodash.clonedeep": {
      "version": "4.5.0",
      "resolved": "https://registry.npmjs.org/lodash.clonedeep/-/lodash.clonedeep-4.5.0.tgz",
      "integrity": "sha1-4j8/nE+Pvd6HJSnBBxhXoIblzO8="
    },
    "lodash.includes": {
      "version": "4.3.0",
      "resolved": "https://registry.npmjs.org/lodash.includes/-/lodash.includes-4.3.0.tgz",
      "integrity": "sha1-YLuYqHy5I8aMoeUTJUgzFISfVT8="
    },
    "lodash.intersection": {
      "version": "4.4.0",
      "resolved": "https://registry.npmjs.org/lodash.intersection/-/lodash.intersection-4.4.0.tgz",
      "integrity": "sha1-ChG6Yx0OlcI8fy9Mu5ppLtF45wU="
    },
    "lodash.isplainobject": {
      "version": "4.0.6",
      "resolved": "https://registry.npmjs.org/lodash.isplainobject/-/lodash.isplainobject-4.0.6.tgz",
      "integrity": "sha1-fFJqUtibRcRcxpC4gWO+BJf1UMs="
    },
    "lodash.pullall": {
      "version": "4.2.0",
      "resolved": "https://registry.npmjs.org/lodash.pullall/-/lodash.pullall-4.2.0.tgz",
      "integrity": "sha1-nZi4UYt8llsPrkCZvZ+334u/OLo="
    },
    "matcher": {
      "version": "3.0.0",
      "resolved": "https://registry.npmjs.org/matcher/-/matcher-3.0.0.tgz",
      "integrity": "sha512-OkeDaAZ/bQCxeFAozM55PKcKU0yJMPGifLwV4Qgjitu+5MoAfSQN4lsLJeXZ1b8w0x+/Emda6MZgXS1jvsapng==",
      "requires": {
        "escape-string-regexp": "^4.0.0"
      }
    },
    "object-delete-key": {
      "version": "1.10.0",
      "resolved": "https://registry.npmjs.org/object-delete-key/-/object-delete-key-1.10.0.tgz",
      "integrity": "sha512-+Up6GtEDnw7LqCsdx+gILza9NZllWmKvtdXnBV1D1qrBqU4hL6c1VmOgy3yCHoNfYNJuqmh32uNitAS2XqUDkA==",
      "requires": {
        "ast-is-empty": "^1.11.0",
        "ast-monkey": "^7.12.0",
        "lodash.clonedeep": "^4.5.0",
        "util-array-object-or-both": "^2.8.0"
      }
    },
    "object-path": {
      "version": "0.11.5",
      "resolved": "https://registry.npmjs.org/object-path/-/object-path-0.11.5.tgz",
      "integrity": "sha512-jgSbThcoR/s+XumvGMTMf81QVBmah+/Q7K7YduKeKVWL7N111unR2d6pZZarSk6kY/caeNxUDyxOvMWyzoU2eg=="
    },
    "type-detect": {
      "version": "4.0.8",
      "resolved": "https://registry.npmjs.org/type-detect/-/type-detect-4.0.8.tgz",
      "integrity": "sha512-0fr/mIH1dlO+x7TlcMy+bIDqKPsw/70tVyeHW787goQjhmqaZe10uwLujubK9q9Lg6Fiho1KUKDYz0Z7k7g5/g=="
    },
    "util-array-object-or-both": {
      "version": "2.8.0",
      "resolved": "https://registry.npmjs.org/util-array-object-or-both/-/util-array-object-or-both-2.8.0.tgz",
      "integrity": "sha512-sIa0fixQz/yxDYNE45SjG5tLpq5udXgdaX//fDrfRZJDfszSVLK6IyPCd2rcn7Vl/0RMUgvPMwlPuwJm4V6khg==",
      "requires": {
        "lodash.includes": "^4.3.0",
        "lodash.isplainobject": "^4.0.6"
      }
    }
  }
}
